github.com/esiqveland/notify v0.11.0 h1:0WJ/xW+3Ln8uRBYntG7f0XihXxnlOaQTdha1yyzXz30=
github.com/esiqveland/notify v0.11.0/go.mod h1:63UbVSaeJwF0LVJARHFuPgUAoM7o1BEvCZyknsuonBc=
github.com/godbus/dbus/v5 v5.0.3/go.mod h1:xhWf0FNVPg57R7Z0UbKHbJfkEywrmjJnf7w5xrFpKfA=
github.com/godbus/dbus/v5 v5.0.5 h1:9Eg0XUhQxtkV8ykTMKtMMYY72g4NgxtRq4jgh4Ih5YM=
github.com/godbus/dbus/v5 v5.0.5/go.mod h1:xhWf0FNVPg57R7Z0UbKHbJfkEywrmjJnf7w5xrFpKfA=
golang.org/x/exp v0.0.0-20230321023759-10a507213a29 h1:ooxPy7fPvB4kwsA2h+iBNHkAbp/4JxTSwCmvdjEYmug=
golang.org/x/exp v0.0.0-20230321023759-10a507213a29/go.mod h1:CxIveKay+FTh1D0yPZemJVgC/95VzuuOLq5Qi4xnoYc=
golang.org/x/xerrors v0.0.0-20220907171357-04be3eba64a2 h1:H2TDz8ibqkAF6YGhCdN3jS9O0/s90v0rJh3X/OLHEUk=
golang.org/x/xerrors v0.0.0-20220907171357-04be3eba64a2/go.mod h1:K8+ghG5WaK9qNqU5K3HdILfMLy1f3aNYFI/wnl100a8=
